
Microsoft Visual Studio Solution File, Format Version 12.00
# Visual Studio Version 16
VisualStudioVersion = 16.0.30804.86
MinimumVisualStudioVersion = 10.0.40219.1
Project("{FAE04EC0-301F-11D3-BF4B-00C04F79EFBC}") = "QLCH-DienThoai", "QLCH-DienThoai\QLCH-DienThoai.csproj", "{A71412DC-068D-46C6-A95E-E3B58CFBC02F}"
EndProject
Project("{FAE04EC0-301F-11D3-BF4B-00C04F79EFBC}") = "Models", "Models\Models.csproj", "{D054C266-89C2-47DF-B2DF-9EA0416E2694}"
EndProject
Global
	GlobalSection(SolutionConfigurationPlatforms) = preSolution
		Debug|Any CPU = Debug|Any CPU
		Release|Any CPU = Release|Any CPU
	EndGlobalSection
	GlobalSection(ProjectConfigurationPlatforms) = postSolution
		{A71412DC-068D-46C6-A95E-E3B58CFBC02F}.Debug|Any CPU.ActiveCfg = Debug|Any CPU
		{A71412DC-068D-46C6-A95E-E3B58CFBC02F}.Debug|Any CPU.Build.0 = Debug|Any CPU
		{A71412DC-068D-46C6-A95E-E3B58CFBC02F}.Release|Any CPU.ActiveCfg = Release|Any CPU
		{A71412DC-068D-46C6-A95E-E3B58CFBC02F}.Release|Any CPU.Build.0 = Release|Any CPU
		{D054C266-89C2-47DF-B2DF-9EA0416E2694}.Debug|Any CPU.ActiveCfg = Debug|Any CPU
		{D054C266-89C2-47DF-B2DF-9EA0416E2694}.Debug|Any CPU.Build.0 = Debug|Any CPU
		{D054C266-89C2-47DF-B2DF-9EA0416E2694}.Release|Any CPU.ActiveCfg = Release|Any CPU
		{D054C266-89C2-47DF-B2DF-9EA0416E2694}.Release|Any CPU.Build.0 = Release|Any CPU
	EndGlobalSection
	GlobalSection(SolutionProperties) = preSolution
		HideSolutionNode = FALSE
	EndGlobalSection
	GlobalSection(ExtensibilityGlobals) = postSolution
		SolutionGuid = {BA3A7A2E-2E2B-4A05-AB5B-6344BC6AD625}
	EndGlobalSection
EndGlobal
